
Microsoft Visual Studio Solution File, Format Version 12.00
# Visual Studio Version 17
VisualStudioVersion = 17.9.34622.214
MinimumVisualStudioVersion = 10.0.40219.1
Project("{FAE04EC0-301F-11D3-BF4B-00C04F79EFBC}") = "Librerias_JUOO", "Librerias_JUOO.csproj", "{34AD79CF-505E-442E-A511-FC231E082528}"
EndProject
Global
	GlobalSection(SolutionConfigurationPlatforms) = preSolution
		Debug|Any CPU = Debug|Any CPU
		Release|Any CPU = Release|Any CPU
	EndGlobalSection
	GlobalSection(ProjectConfigurationPlatforms) = postSolution
		{34AD79CF-505E-442E-A511-FC231E082528}.Debug|Any CPU.ActiveCfg = Debug|Any CPU
		{34AD79CF-505E-442E-A511-FC231E082528}.Debug|Any CPU.Build.0 = Debug|Any CPU
		{34AD79CF-505E-442E-A511-FC231E082528}.Release|Any CPU.ActiveCfg = Release|Any CPU
		{34AD79CF-505E-442E-A511-FC231E082528}.Release|Any CPU.Build.0 = Release|Any CPU
	EndGlobalSection
	GlobalSection(SolutionProperties) = preSolution
		HideSolutionNode = FALSE
	EndGlobalSection
	GlobalSection(ExtensibilityGlobals) = postSolution
		SolutionGuid = {56C5DD4E-05CB-47F3-932A-137568F82314}
	EndGlobalSection
EndGlobal
